
Microsoft Visual Studio Solution File, Format Version 12.00
# Visual Studio Version 16
VisualStudioVersion = 16.0.31424.327
MinimumVisualStudioVersion = 10.0.40219.1
Project("{FAE04EC0-301F-11D3-BF4B-00C04F79EFBC}") = "PROPERTY_Team8", "PROPERTY_Team8\PROPERTY_Team8.csproj", "{C01F499A-97B5-4190-9472-599F88D05B23}"
EndProject
Global
	GlobalSection(SolutionConfigurationPlatforms) = preSolution
		Debug|Any CPU = Debug|Any CPU
		Release|Any CPU = Release|Any CPU
	EndGlobalSection
	GlobalSection(ProjectConfigurationPlatforms) = postSolution
		{C01F499A-97B5-4190-9472-599F88D05B23}.Debug|Any CPU.ActiveCfg = Debug|Any CPU
		{C01F499A-97B5-4190-9472-599F88D05B23}.Debug|Any CPU.Build.0 = Debug|Any CPU
		{C01F499A-97B5-4190-9472-599F88D05B23}.Release|Any CPU.ActiveCfg = Release|Any CPU
		{C01F499A-97B5-4190-9472-599F88D05B23}.Release|Any CPU.Build.0 = Release|Any CPU
	EndGlobalSection
	GlobalSection(SolutionProperties) = preSolution
		HideSolutionNode = FALSE
	EndGlobalSection
	GlobalSection(ExtensibilityGlobals) = postSolution
		SolutionGuid = {574B5D0E-6C8A-4796-B209-44CF74E9A884}
	EndGlobalSection
EndGlobal
